
Microsoft Visual Studio Solution File, Format Version 12.00
# Visual Studio Version 17
VisualStudioVersion = 17.4.33110.190
MinimumVisualStudioVersion = 10.0.40219.1
Project("{FAE04EC0-301F-11D3-BF4B-00C04F79EFBC}") = "AspNetCore.MVC", "AspNetCore.MVC\AspNetCore.MVC.csproj", "{BDF2D480-BD17-4478-9251-AFCED8F4DDD1}"
EndProject
Global
	GlobalSection(SolutionConfigurationPlatforms) = preSolution
		Debug|Any CPU = Debug|Any CPU
		Release|Any CPU = Release|Any CPU
	EndGlobalSection
	GlobalSection(ProjectConfigurationPlatforms) = postSolution
		{BDF2D480-BD17-4478-9251-AFCED8F4DDD1}.Debug|Any CPU.ActiveCfg = Debug|Any CPU
		{BDF2D480-BD17-4478-9251-AFCED8F4DDD1}.Debug|Any CPU.Build.0 = Debug|Any CPU
		{BDF2D480-BD17-4478-9251-AFCED8F4DDD1}.Release|Any CPU.ActiveCfg = Release|Any CPU
		{BDF2D480-BD17-4478-9251-AFCED8F4DDD1}.Release|Any CPU.Build.0 = Release|Any CPU
	EndGlobalSection
	GlobalSection(SolutionProperties) = preSolution
		HideSolutionNode = FALSE
	EndGlobalSection
	GlobalSection(ExtensibilityGlobals) = postSolution
		SolutionGuid = {B44629F7-8A51-463C-92A2-C71BB051B4A0}
	EndGlobalSection
EndGlobal
